
Microsoft Visual Studio Solution File, Format Version 12.00
# Visual Studio 15
VisualStudioVersion = 15.0.28307.421
MinimumVisualStudioVersion = 10.0.40219.1
Project("{9A19103F-16F7-4668-BE54-9A1E7A4F7556}") = "StockManagement", "loft1Mvc\StockManagement.csproj", "{B3D87D1C-8CA1-4616-8731-BD9C5127249D}"
EndProject
Global
	GlobalSection(SolutionConfigurationPlatforms) = preSolution
		Debug|Any CPU = Debug|Any CPU
		Release|Any CPU = Release|Any CPU
	EndGlobalSection
	GlobalSection(ProjectConfigurationPlatforms) = postSolution
		{B3D87D1C-8CA1-4616-8731-BD9C5127249D}.Debug|Any CPU.ActiveCfg = Debug|Any CPU
		{B3D87D1C-8CA1-4616-8731-BD9C5127249D}.Debug|Any CPU.Build.0 = Debug|Any CPU
		{B3D87D1C-8CA1-4616-8731-BD9C5127249D}.Release|Any CPU.ActiveCfg = Release|Any CPU
		{B3D87D1C-8CA1-4616-8731-BD9C5127249D}.Release|Any CPU.Build.0 = Release|Any CPU
	EndGlobalSection
	GlobalSection(SolutionProperties) = preSolution
		HideSolutionNode = FALSE
	EndGlobalSection
	GlobalSection(ExtensibilityGlobals) = postSolution
		SolutionGuid = {BA0B8B16-E80A-46EA-8684-2681EE023932}
	EndGlobalSection
EndGlobal
